
Microsoft Visual Studio Solution File, Format Version 12.00
# Visual Studio 15
VisualStudioVersion = 15.0.28307.1267
MinimumVisualStudioVersion = 10.0.40219.1
Project("{FAE04EC0-301F-11D3-BF4B-00C04F79EFBC}") = "Maquette", "Maquette\Maquette.csproj", "{0968583F-343B-4586-81C3-200C788F3D60}"
EndProject
Global
	GlobalSection(SolutionConfigurationPlatforms) = preSolution
		Debug|Any CPU = Debug|Any CPU
		Release|Any CPU = Release|Any CPU
	EndGlobalSection
	GlobalSection(ProjectConfigurationPlatforms) = postSolution
		{0968583F-343B-4586-81C3-200C788F3D60}.Debug|Any CPU.ActiveCfg = Debug|Any CPU
		{0968583F-343B-4586-81C3-200C788F3D60}.Debug|Any CPU.Build.0 = Debug|Any CPU
		{0968583F-343B-4586-81C3-200C788F3D60}.Release|Any CPU.ActiveCfg = Release|Any CPU
		{0968583F-343B-4586-81C3-200C788F3D60}.Release|Any CPU.Build.0 = Release|Any CPU
	EndGlobalSection
	GlobalSection(SolutionProperties) = preSolution
		HideSolutionNode = FALSE
	EndGlobalSection
	GlobalSection(ExtensibilityGlobals) = postSolution
		SolutionGuid = {332CE37F-FA35-4F27-895E-00BA559F3792}
	EndGlobalSection
EndGlobal
